
Microsoft Visual Studio Solution File, Format Version 12.00
# Visual Studio Version 17
VisualStudioVersion = 17.14.37301.10 d17.14
MinimumVisualStudioVersion = 10.0.40219.1
Project("{FAE04EC0-301F-11D3-BF4B-00C04F79EFBC}") = "Api", "Api.csproj", "{81EFC67A-C79D-490F-8CE8-08A02C07287A}"
EndProject
Global
	GlobalSection(SolutionConfigurationPlatforms) = preSolution
		Debug|Any CPU = Debug|Any CPU
		Release|Any CPU = Release|Any CPU
	EndGlobalSection
	GlobalSection(ProjectConfigurationPlatforms) = postSolution
		{81EFC67A-C79D-490F-8CE8-08A02C07287A}.Debug|Any CPU.ActiveCfg = Debug|Any CPU
		{81EFC67A-C79D-490F-8CE8-08A02C07287A}.Debug|Any CPU.Build.0 = Debug|Any CPU
		{81EFC67A-C79D-490F-8CE8-08A02C07287A}.Release|Any CPU.ActiveCfg = Release|Any CPU
		{81EFC67A-C79D-490F-8CE8-08A02C07287A}.Release|Any CPU.Build.0 = Release|Any CPU
	EndGlobalSection
	GlobalSection(SolutionProperties) = preSolution
		HideSolutionNode = FALSE
	EndGlobalSection
	GlobalSection(ExtensibilityGlobals) = postSolution
		SolutionGuid = {F3AA3CA9-258A-4651-B92B-2ACDCCCCD5DA}
	EndGlobalSection
EndGlobal
